
Microsoft Visual Studio Solution File, Format Version 12.00
# Visual Studio 14
VisualStudioVersion = 14.0.24720.0
MinimumVisualStudioVersion = 10.0.40219.1
Project("{FAE04EC0-301F-11D3-BF4B-00C04F79EFBC}") = "FileExplorer", "FileExplorer\FileExplorer.csproj", "{F5961E17-A51B-4AAB-A4C1-4A5E9751B835}"
EndProject
Project("{FAE04EC0-301F-11D3-BF4B-00C04F79EFBC}") = "FileExplorer.Tests", "FileExplorer.Tests\FileExplorer.Tests.csproj", "{EA249615-73FF-4AF3-AB97-F88C1B8AB576}"
EndProject
Global
	GlobalSection(SolutionConfigurationPlatforms) = preSolution
		Debug|Any CPU = Debug|Any CPU
		Release|Any CPU = Release|Any CPU
	EndGlobalSection
	GlobalSection(ProjectConfigurationPlatforms) = postSolution
		{F5961E17-A51B-4AAB-A4C1-4A5E9751B835}.Debug|Any CPU.ActiveCfg = Debug|Any CPU
		{F5961E17-A51B-4AAB-A4C1-4A5E9751B835}.Debug|Any CPU.Build.0 = Debug|Any CPU
		{F5961E17-A51B-4AAB-A4C1-4A5E9751B835}.Release|Any CPU.ActiveCfg = Release|Any CPU
		{F5961E17-A51B-4AAB-A4C1-4A5E9751B835}.Release|Any CPU.Build.0 = Release|Any CPU
		{EA249615-73FF-4AF3-AB97-F88C1B8AB576}.Debug|Any CPU.ActiveCfg = Debug|Any CPU
		{EA249615-73FF-4AF3-AB97-F88C1B8AB576}.Debug|Any CPU.Build.0 = Debug|Any CPU
		{EA249615-73FF-4AF3-AB97-F88C1B8AB576}.Release|Any CPU.ActiveCfg = Release|Any CPU
		{EA249615-73FF-4AF3-AB97-F88C1B8AB576}.Release|Any CPU.Build.0 = Release|Any CPU
	EndGlobalSection
	GlobalSection(SolutionProperties) = preSolution
		HideSolutionNode = FALSE
	EndGlobalSection
EndGlobal
